// !$*UTF8*$!
{
	archiveVersion = 1;
	classes = {
	};
	objectVersion = 50;
	objects = {

/* Begin PBXBuildFile section */
		280B81A9225F026B0050BE44 /* AppDelegate.swift in Sources */ = {isa = PBXBuildFile; fileRef = 280B81A8225F026B0050BE44 /* AppDelegate.swift */; };
		280B81AB225F026B0050BE44 /* ViewController.swift in Sources */ = {isa = PBXBuildFile; fileRef = 280B81AA225F026B0050BE44 /* ViewController.swift */; };
		280B81B3225F026D0050BE44 /* LaunchScreen.storyboard in Resources */ = {isa = PBXBuildFile; fileRef = 280B81B1225F026D0050BE44 /* LaunchScreen.storyboard */; };
		280B81BB225F03240050BE44 /* GoogleService-Info.plist in Resources */ = {isa = PBXBuildFile; fileRef = 280B81BA225F03240050BE44 /* GoogleService-Info.plist */; };
		280B81C2225F0F230050BE44 /* Assets.xcassets in Resources */ = {isa = PBXBuildFile; fileRef = 280B81C1225F0F230050BE44 /* Assets.xcassets */; };
		280B81C4225F10200050BE44 /* Info.plist in Resources */ = {isa = PBXBuildFile; fileRef = 280B81B4225F026D0050BE44 /* Info.plist */; };
		280B81C6225F1E160050BE44 /* Main.storyboard in Resources */ = {isa = PBXBuildFile; fileRef = 280B81C5225F1E160050BE44 /* Main.storyboard */; };
		280B81CA225F25720050BE44 /* RegisterViewController.swift in Sources */ = {isa = PBXBuildFile; fileRef = 280B81C9225F25720050BE44 /* RegisterViewController.swift */; };
		280B81CC225F3FDB0050BE44 /* ChatViewController.swift in Sources */ = {isa = PBXBuildFile; fileRef = 280B81CB225F3FDB0050BE44 /* ChatViewController.swift */; };
		280B81CE225F799B0050BE44 /* LoginViewController.swift in Sources */ = {isa = PBXBuildFile; fileRef = 280B81CD225F799B0050BE44 /* LoginViewController.swift */; };
		280B81D4226048330050BE44 /* CustomMessageCell.swift in Sources */ = {isa = PBXBuildFile; fileRef = 280B81D2226048330050BE44 /* CustomMessageCell.swift */; };
		280B81D5226048330050BE44 /* MessageCell.xib in Resources */ = {isa = PBXBuildFile; fileRef = 280B81D3226048330050BE44 /* MessageCell.xib */; };
		F1F23C1E3EF34F3B9EDEBBD1 /* Pods_Flash_Chat.framework in Frameworks */ = {isa = PBXBuildFile; fileRef = E9990C686B9A355E05ABB915 /* Pods_Flash_Chat.framework */; };
/* End PBXBuildFile section */

/* Begin PBXFileReference section */
		280B81A5225F026B0050BE44 /* Flash-Chat.app */ = {isa = PBXFileReference; explicitFileType = wrapper.application; includeInIndex = 0; path = "Flash-Chat.app"; sourceTree = BUILT_PRODUCTS_DIR; };
		280B81A8225F026B0050BE44 /* AppDelegate.swift */ = {isa = PBXFileReference; lastKnownFileType = sourcecode.swift; path = AppDelegate.swift; sourceTree = "<group>"; };
		280B81AA225F026B0050BE44 /* ViewController.swift */ = {isa = PBXFileReference; lastKnownFileType = sourcecode.swift; path = ViewController.swift; sourceTree = "<group>"; };
		280B81B2225F026D0050BE44 /* Base */ = {isa = PBXFileReference; lastKnownFileType = file.storyboard; name = Base; path = Base.lproj/LaunchScreen.storyboard; sourceTree = "<group>"; };
		280B81B4225F026D0050BE44 /* Info.plist */ = {isa = PBXFileReference; lastKnownFileType = text.plist.xml; path = Info.plist; sourceTree = "<group>"; };
		280B81BA225F03240050BE44 /* GoogleService-Info.plist */ = {isa = PBXFileReference; fileEncoding = 4; lastKnownFileType = text.plist.xml; path = "GoogleService-Info.plist"; sourceTree = "<group>"; };
		280B81C1225F0F230050BE44 /* Assets.xcassets */ = {isa = PBXFileReference; lastKnownFileType = folder.assetcatalog; name = Assets.xcassets; path = "../../../Downloads/Flash-Chat-iOS12-master/Flash Chat/Assets.xcassets"; sourceTree = "<group>"; };
		280B81C5225F1E160050BE44 /* Main.storyboard */ = {isa = PBXFileReference; fileEncoding = 4; lastKnownFileType = file.storyboard; path = Main.storyboard; sourceTree = "<group>"; };
		280B81C9225F25720050BE44 /* RegisterViewController.swift */ = {isa = PBXFileReference; lastKnownFileType = sourcecode.swift; path = RegisterViewController.swift; sourceTree = "<group>"; };
		280B81CB225F3FDB0050BE44 /* ChatViewController.swift */ = {isa = PBXFileReference; lastKnownFileType = sourcecode.swift; path = ChatViewController.swift; sourceTree = "<group>"; };
		280B81CD225F799B0050BE44 /* LoginViewController.swift */ = {isa = PBXFileReference; lastKnownFileType = sourcecode.swift; path = LoginViewController.swift; sourceTree = "<group>"; };
		280B81D2226048330050BE44 /* CustomMessageCell.swift */ = {isa = PBXFileReference; fileEncoding = 4; lastKnownFileType = sourcecode.swift; path = CustomMessageCell.swift; sourceTree = "<group>"; };
		280B81D3226048330050BE44 /* MessageCell.xib */ = {isa = PBXFileReference; fileEncoding = 4; lastKnownFileType = file.xib; path = MessageCell.xib; sourceTree = "<group>"; };
		E9990C686B9A355E05ABB915 /* Pods_Flash_Chat.framework */ = {isa = PBXFileReference; explicitFileType = wrapper.framework; includeInIndex = 0; path = Pods_Flash_Chat.framework; sourceTree = BUILT_PRODUCTS_DIR; };
		F14117CB18CD077522B26A4A /* Pods-Flash-Chat.debug.xcconfig */ = {isa = PBXFileReference; includeInIndex = 1; lastKnownFileType = text.xcconfig; name = "Pods-Flash-Chat.debug.xcconfig"; path = "Target Support Files/Pods-Flash-Chat/Pods-Flash-Chat.debug.xcconfig"; sourceTree = "<group>"; };
		FA09C6DD866C66C3A5B3A8A3 /* Pods-Flash-Chat.release.xcconfig */ = {isa = PBXFileReference; includeInIndex = 1; lastKnownFileType = text.xcconfig; name = "Pods-Flash-Chat.release.xcconfig"; path = "Target Support Files/Pods-Flash-Chat/Pods-Flash-Chat.release.xcconfig"; sourceTree = "<group>"; };
/* End PBXFileReference section */

/* Begin PBXFrameworksBuildPhase section */
		280B81A2225F026B0050BE44 /* Frameworks */ = {
			isa = PBXFrameworksBuildPhase;
			buildActionMask = 2147483647;
			files = (
				F1F23C1E3EF34F3B9EDEBBD1 /* Pods_Flash_Chat.framework in Frameworks */,
			);
			runOnlyForDeploymentPostprocessing = 0;
		};
/* End PBXFrameworksBuildPhase section */

/* Begin PBXGroup section */
		280B819C225F026B0050BE44 = {
			isa = PBXGroup;
			children = (
				280B81A7225F026B0050BE44 /* Flash-Chat */,
				280B81A6225F026B0050BE44 /* Products */,
				DC90EA76AD6D83D1C1F65C96 /* Pods */,
				8149D555B8F8826ACE91814D /* Frameworks */,
			);
			sourceTree = "<group>";
		};
		280B81A6225F026B0050BE44 /* Products */ = {
			isa = PBXGroup;
			children = (
				280B81A5225F026B0050BE44 /* Flash-Chat.app */,
			);
			name = Products;
			sourceTree = "<group>";
		};
		280B81A7225F026B0050BE44 /* Flash-Chat */ = {
			isa = PBXGroup;
			children = (
				280B81BE225F03830050BE44 /* View */,
				280B81BD225F03690050BE44 /* Controller */,
				280B81C1225F0F230050BE44 /* Assets.xcassets */,
				280B81BC225F03430050BE44 /* Supporting Files */,
			);
			path = "Flash-Chat";
			sourceTree = "<group>";
		};
		280B81BC225F03430050BE44 /* Supporting Files */ = {
			isa = PBXGroup;
			children = (
				280B81B4225F026D0050BE44 /* Info.plist */,
				280B81BA225F03240050BE44 /* GoogleService-Info.plist */,
			);
			path = "Supporting Files";
			sourceTree = "<group>";
		};
		280B81BD225F03690050BE44 /* Controller */ = {
			isa = PBXGroup;
			children = (
				280B81A8225F026B0050BE44 /* AppDelegate.swift */,
				280B81AA225F026B0050BE44 /* ViewController.swift */,
				280B81C9225F25720050BE44 /* RegisterViewController.swift */,
				280B81CB225F3FDB0050BE44 /* ChatViewController.swift */,
				280B81CD225F799B0050BE44 /* LoginViewController.swift */,
			);
			path = Controller;
			sourceTree = "<group>";
		};
		280B81BE225F03830050BE44 /* View */ = {
			isa = PBXGroup;
			children = (
				280B81B1225F026D0050BE44 /* LaunchScreen.storyboard */,
				280B81C5225F1E160050BE44 /* Main.storyboard */,
				280B81D1226047EC0050BE44 /* Custom Cell */,
			);
			path = View;
			sourceTree = "<group>";
		};
		280B81D1226047EC0050BE44 /* Custom Cell */ = {
			isa = PBXGroup;
			children = (
				280B81D2226048330050BE44 /* CustomMessageCell.swift */,
				280B81D3226048330050BE44 /* MessageCell.xib */,
			);
			path = "Custom Cell";
			sourceTree = "<group>";
		};
		8149D555B8F8826ACE91814D /* Frameworks */ = {
			isa = PBXGroup;
			children = (
				E9990C686B9A355E05ABB915 /* Pods_Flash_Chat.framework */,
			);
			name = Frameworks;
			sourceTree = "<group>";
		};
		DC90EA76AD6D83D1C1F65C96 /* Pods */ = {
			isa = PBXGroup;
			children = (
				F14117CB18CD077522B26A4A /* Pods-Flash-Chat.debug.xcconfig */,
				FA09C6DD866C66C3A5B3A8A3 /* Pods-Flash-Chat.release.xcconfig */,
			);
			path = Pods;
			sourceTree = "<group>";
		};
/* End PBXGroup section */

/* Begin PBXNativeTarget section */
		280B81A4225F026B0050BE44 /* Flash-Chat */ = {
			isa = PBXNativeTarget;
			buildConfigurationList = 280B81B7225F026D0050BE44 /* Build configuration list for PBXNativeTarget "Flash-Chat" */;
			buildPhases = (
				A3966C1684D323B340A4E223 /* [CP] Check Pods Manifest.lock */,
				280B81A1225F026B0050BE44 /* Sources */,
				280B81A2225F026B0050BE44 /* Frameworks */,
				280B81A3225F026B0050BE44 /* Resources */,
				D60873248CB37E4552A78F97 /* [CP] Embed Pods Frameworks */,
			);
			buildRules = (
			);
			dependencies = (
			);
			name = "Flash-Chat";
			productName = "Flash-Chat";
			productReference = 280B81A5225F026B0050BE44 /* Flash-Chat.app */;
			productType = "com.apple.product-type.application";
		};
/* End PBXNativeTarget section */

/* Begin PBXProject section */
		280B819D225F026B0050BE44 /* Project object */ = {
			isa = PBXProject;
			attributes = {
				LastSwiftUpdateCheck = 1020;
				LastUpgradeCheck = 1020;
				ORGANIZATIONNAME = shivaapple;
				TargetAttributes = {
					280B81A4225F026B0050BE44 = {
						CreatedOnToolsVersion = 10.2;
					};
				};
			};
			buildConfigurationList = 280B81A0225F026B0050BE44 /* Build configuration list for PBXProject "Flash-Chat" */;
			compatibilityVersion = "Xcode 9.3";
			developmentRegion = en;
			hasScannedForEncodings = 0;
			knownRegions = (
				en,
				Base,
			);
			mainGroup = 280B819C225F026B0050BE44;
			productRefGroup = 280B81A6225F026B0050BE44 /* Products */;
			projectDirPath = "";
			projectRoot = "";
			targets = (
				280B81A4225F026B0050BE44 /* Flash-Chat */,
			);
		};
/* End PBXProject section */

/* Begin PBXResourcesBuildPhase section */
		280B81A3225F026B0050BE44 /* Resources */ = {
			isa = PBXResourcesBuildPhase;
			buildActionMask = 2147483647;
			files = (
				280B81B3225F026D0050BE44 /* LaunchScreen.storyboard in Resources */,
				280B81D5226048330050BE44 /* MessageCell.xib in Resources */,
				280B81C6225F1E160050BE44 /* Main.storyboard in Resources */,
				280B81C2225F0F230050BE44 /* Assets.xcassets in Resources */,
				280B81BB225F03240050BE44 /* GoogleService-Info.plist in Resources */,
				280B81C4225F10200050BE44 /* Info.plist in Resources */,
			);
			runOnlyForDeploymentPostprocessing = 0;
		};
/* End PBXResourcesBuildPhase section */

/* Begin PBXShellScriptBuildPhase section */
		A3966C1684D323B340A4E223 /* [CP] Check Pods Manifest.lock */ = {
			isa = PBXShellScriptBuildPhase;
			buildActionMask = 2147483647;
			files = (
			);
			inputFileListPaths = (
			);
			inputPaths = (
				"${PODS_PODFILE_DIR_PATH}/Podfile.lock",
				"${PODS_ROOT}/Manifest.lock",
			);
			name = "[CP] Check Pods Manifest.lock";
			outputFileListPaths = (
			);
			outputPaths = (
				"$(DERIVED_FILE_DIR)/Pods-Flash-Chat-checkManifestLockResult.txt",
			);
			runOnlyForDeploymentPostprocessing = 0;
			shellPath = /bin/sh;
			shellScript = "diff \"${PODS_PODFILE_DIR_PATH}/Podfile.lock\" \"${PODS_ROOT}/Manifest.lock\" > /dev/null\nif [ $? != 0 ] ; then\n    # print error to STDERR\n    echo \"error: The sandbox is not in sync with the Podfile.lock. Run 'pod install' or update your CocoaPods installation.\" >&2\n    exit 1\nfi\n# This output is used by Xcode 'outputs' to avoid re-running this script phase.\necho \"SUCCESS\" > \"${SCRIPT_OUTPUT_FILE_0}\"\n";
			showEnvVarsInLog = 0;
		};
		D60873248CB37E4552A78F97 /* [CP] Embed Pods Frameworks */ = {
			isa = PBXShellScriptBuildPhase;
			buildActionMask = 2147483647;
			files = (
			);
			inputFileListPaths = (
			);
			inputPaths = (
				"${PODS_ROOT}/Target Support Files/Pods-Flash-Chat/Pods-Flash-Chat-frameworks.sh",
				"${BUILT_PRODUCTS_DIR}/ChameleonFramework/ChameleonFramework.framework",
				"${BUILT_PRODUCTS_DIR}/GTMSessionFetcher/GTMSessionFetcher.framework",
				"${BUILT_PRODUCTS_DIR}/GoogleUtilities/GoogleUtilities.framework",
				"${BUILT_PRODUCTS_DIR}/SVProgressHUD/SVProgressHUD.framework",
				"${BUILT_PRODUCTS_DIR}/leveldb-library/leveldb.framework",
				"${BUILT_PRODUCTS_DIR}/nanopb/nanopb.framework",
			);
			name = "[CP] Embed Pods Frameworks";
			outputFileListPaths = (
			);
			outputPaths = (
				"${TARGET_BUILD_DIR}/${FRAMEWORKS_FOLDER_PATH}/ChameleonFramework.framework",
				"${TARGET_BUILD_DIR}/${FRAMEWORKS_FOLDER_PATH}/GTMSessionFetcher.framework",
				"${TARGET_BUILD_DIR}/${FRAMEWORKS_FOLDER_PATH}/GoogleUtilities.framework",
				"${TARGET_BUILD_DIR}/${FRAMEWORKS_FOLDER_PATH}/SVProgressHUD.framework",
				"${TARGET_BUILD_DIR}/${FRAMEWORKS_FOLDER_PATH}/leveldb.framework",
				"${TARGET_BUILD_DIR}/${FRAMEWORKS_FOLDER_PATH}/nanopb.framework",
			);
			runOnlyForDeploymentPostprocessing = 0;
			shellPath = /bin/sh;
			shellScript = "\"${PODS_ROOT}/Target Support Files/Pods-Flash-Chat/Pods-Flash-Chat-frameworks.sh\"\n";
			showEnvVarsInLog = 0;
		};
/* End PBXShellScriptBuildPhase section */

/* Begin PBXSourcesBuildPhase section */
		280B81A1225F026B0050BE44 /* Sources */ = {
			isa = PBXSourcesBuildPhase;
			buildActionMask = 2147483647;
			files = (
				280B81D4226048330050BE44 /* CustomMessageCell.swift in Sources */,
				280B81CA225F25720050BE44 /* RegisterViewController.swift in Sources */,
				280B81AB225F026B0050BE44 /* ViewController.swift in Sources */,
				280B81CC225F3FDB0050BE44 /* ChatViewController.swift in Sources */,
				280B81CE225F799B0050BE44 /* LoginViewController.swift in Sources */,
				280B81A9225F026B0050BE44 /* AppDelegate.swift in Sources */,
			);
			runOnlyForDeploymentPostprocessing = 0;
		};
/* End PBXSourcesBuildPhase section */

/* Begin PBXVariantGroup section */
		280B81B1225F026D0050BE44 /* LaunchScreen.storyboard */ = {
			isa = PBXVariantGroup;
			children = (
				280B81B2225F026D0050BE44 /* Base */,
			);
			name = LaunchScreen.storyboard;
			sourceTree = "<group>";
		};
/* End PBXVariantGroup section */

/* Begin XCBuildConfiguration section */
		280B81B5225F026D0050BE44 /* Debug */ = {
			isa = XCBuildConfiguration;
			buildSettings = {
				ALWAYS_SEARCH_USER_PATHS = NO;
				CLANG_ANALYZER_NONNULL = YES;
				CLANG_ANALYZER_NUMBER_OBJECT_CONVERSION = YES_AGGRESSIVE;
				CLANG_CXX_LANGUAGE_STANDARD = "gnu++14";
				CLANG_CXX_LIBRARY = "libc++";
				CLANG_ENABLE_MODULES = YES;
				CLANG_ENABLE_OBJC_ARC = YES;
				CLANG_ENABLE_OBJC_WEAK = YES;
				CLANG_WARN_BLOCK_CAPTURE_AUTORELEASING = YES;
				CLANG_WARN_BOOL_CONVERSION = YES;
				CLANG_WARN_COMMA = YES;
				CLANG_WARN_CONSTANT_CONVERSION = YES;
				CLANG_WARN_DEPRECATED_OBJC_IMPLEMENTATIONS = YES;
				CLANG_WARN_DIRECT_OBJC_ISA_USAGE = YES_ERROR;
				CLANG_WARN_DOCUMENTATION_COMMENTS = YES;
				CLANG_WARN_EMPTY_BODY = YES;
				CLANG_WARN_ENUM_CONVERSION = YES;
				CLANG_WARN_INFINITE_RECURSION = YES;
				CLANG_WARN_INT_CONVERSION = YES;
				CLANG_WARN_NON_LITERAL_NULL_CONVERSION = YES;
				CLANG_WARN_OBJC_IMPLICIT_RETAIN_SELF = YES;
				CLANG_WARN_OBJC_LITERAL_CONVERSION = YES;
				CLANG_WARN_OBJC_ROOT_CLASS = YES_ERROR;
				CLANG_WARN_RANGE_LOOP_ANALYSIS = YES;
				CLANG_WARN_STRICT_PROTOTYPES = YES;
				CLANG_WARN_SUSPICIOUS_MOVE = YES;
				CLANG_WARN_UNGUARDED_AVAILABILITY = YES_AGGRESSIVE;
				CLANG_WARN_UNREACHABLE_CODE = YES;
				CLANG_WARN__DUPLICATE_METHOD_MATCH = YES;
				CODE_SIGN_IDENTITY = "iPhone Developer";
				COPY_PHASE_STRIP = NO;
				DEBUG_INFORMATION_FORMAT = dwarf;
				ENABLE_STRICT_OBJC_MSGSEND = YES;
				ENABLE_TESTABILITY = YES;
				GCC_C_LANGUAGE_STANDARD = gnu11;
				GCC_DYNAMIC_NO_PIC = NO;
				GCC_NO_COMMON_BLOCKS = YES;
				GCC_OPTIMIZATION_LEVEL = 0;
				GCC_PREPROCESSOR_DEFINITIONS = (
					"DEBUG=1",
					"$(inherited)",
				);
				GCC_WARN_64_TO_32_BIT_CONVERSION = YES;
				GCC_WARN_ABOUT_RETURN_TYPE = YES_ERROR;
				GCC_WARN_UNDECLARED_SELECTOR = YES;
				GCC_WARN_UNINITIALIZED_AUTOS = YES_AGGRESSIVE;
				GCC_WARN_UNUSED_FUNCTION = YES;
				GCC_WARN_UNUSED_VARIABLE = YES;
				IPHONEOS_DEPLOYMENT_TARGET = 12.2;
				MTL_ENABLE_DEBUG_INFO = INCLUDE_SOURCE;
				MTL_FAST_MATH = YES;
				ONLY_ACTIVE_ARCH = YES;
				SDKROOT = iphoneos;
				SWIFT_ACTIVE_COMPILATION_CONDITIONS = DEBUG;
				SWIFT_OPTIMIZATION_LEVEL = "-Onone";
			};
			name = Debug;
		};
		280B81B6225F026D0050BE44 /* Release */ = {
			isa = XCBuildConfiguration;
			buildSettings = {
				ALWAYS_SEARCH_USER_PATHS = NO;
				CLANG_ANALYZER_NONNULL = YES;
				CLANG_ANALYZER_NUMBER_OBJECT_CONVERSION = YES_AGGRESSIVE;
				CLANG_CXX_LANGUAGE_STANDARD = "gnu++14";
				CLANG_CXX_LIBRARY = "libc++";
				CLANG_ENABLE_MODULES = YES;
				CLANG_ENABLE_OBJC_ARC = YES;
				CLANG_ENABLE_OBJC_WEAK = YES;
				CLANG_WARN_BLOCK_CAPTURE_AUTORELEASING = YES;
				CLANG_WARN_BOOL_CONVERSION = YES;
				CLANG_WARN_COMMA = YES;
				CLANG_WARN_CONSTANT_CONVERSION = YES;
				CLANG_WARN_DEPRECATED_OBJC_IMPLEMENTATIONS = YES;
				CLANG_WARN_DIRECT_OBJC_ISA_USAGE = YES_ERROR;
				CLANG_WARN_DOCUMENTATION_COMMENTS = YES;
				CLANG_WARN_EMPTY_BODY = YES;
				CLANG_WARN_ENUM_CONVERSION = YES;
				CLANG_WARN_INFINITE_RECURSION = YES;
				CLANG_WARN_INT_CONVERSION = YES;
				CLANG_WARN_NON_LITERAL_NULL_CONVERSION = YES;
				CLANG_WARN_OBJC_IMPLICIT_RETAIN_SELF = YES;
				CLANG_WARN_OBJC_LITERAL_CONVERSION = YES;
				CLANG_WARN_OBJC_ROOT_CLASS = YES_ERROR;
				CLANG_WARN_RANGE_LOOP_ANALYSIS = YES;
				CLANG_WARN_STRICT_PROTOTYPES = YES;
				CLANG_WARN_SUSPICIOUS_MOVE = YES;
				CLANG_WARN_UNGUARDED_AVAILABILITY = YES_AGGRESSIVE;
				CLANG_WARN_UNREACHABLE_CODE = YES;
				CLANG_WARN__DUPLICATE_METHOD_MATCH = YES;
				CODE_SIGN_IDENTITY = "iPhone Developer";
				COPY_PHASE_STRIP = NO;
				DEBUG_INFORMATION_FORMAT = "dwarf-with-dsym";
				ENABLE_NS_ASSERTIONS = NO;
				ENABLE_STRICT_OBJC_MSGSEND = YES;
				GCC_C_LANGUAGE_STANDARD = gnu11;
				GCC_NO_COMMON_BLOCKS = YES;
				GCC_WARN_64_TO_32_BIT_CONVERSION = YES;
				GCC_WARN_ABOUT_RETURN_TYPE = YES_ERROR;
				GCC_WARN_UNDECLARED_SELECTOR = YES;
				GCC_WARN_UNINITIALIZED_AUTOS = YES_AGGRESSIVE;
				GCC_WARN_UNUSED_FUNCTION = YES;
				GCC_WARN_UNUSED_VARIABLE = YES;
				IPHONEOS_DEPLOYMENT_TARGET = 12.2;
				MTL_ENABLE_DEBUG_INFO = NO;
				MTL_FAST_MATH = YES;
				SDKROOT = iphoneos;
				SWIFT_COMPILATION_MODE = wholemodule;
				SWIFT_OPTIMIZATION_LEVEL = "-O";
				VALIDATE_PRODUCT = YES;
			};
			name = Release;
		};
		280B81B8225F026D0050BE44 /* Debug */ = {
			isa = XCBuildConfiguration;
			baseConfigurationReference = F14117CB18CD077522B26A4A /* Pods-Flash-Chat.debug.xcconfig */;
			buildSettings = {
				ASSETCATALOG_COMPILER_APPICON_NAME = AppIcon;
				CODE_SIGN_STYLE = Automatic;
				DEVELOPMENT_TEAM = 255529GUNH;
				INFOPLIST_FILE = "$(SRCROOT)/Flash-Chat/Supporting Files/Info.plist";
				LD_RUNPATH_SEARCH_PATHS = (
					"$(inherited)",
					"@executable_path/Frameworks",
				);
				PRODUCT_BUNDLE_IDENTIFIER = "com.shivaapple.Flash-Chat";
				PRODUCT_NAME = "$(TARGET_NAME)";
				SWIFT_VERSION = 5.0;
				TARGETED_DEVICE_FAMILY = "1,2";
			};
			name = Debug;
		};
		280B81B9225F026D0050BE44 /* Release */ = {
			isa = XCBuildConfiguration;
			baseConfigurationReference = FA09C6DD866C66C3A5B3A8A3 /* Pods-Flash-Chat.release.xcconfig */;
			buildSettings = {
				ASSETCATALOG_COMPILER_APPICON_NAME = AppIcon;
				CODE_SIGN_STYLE = Automatic;
				DEVELOPMENT_TEAM = 255529GUNH;
				INFOPLIST_FILE = "$(SRCROOT)/Flash-Chat/Supporting Files/Info.plist";
				LD_RUNPATH_SEARCH_PATHS = (
					"$(inherited)",
					"@executable_path/Frameworks",
				);
				PRODUCT_BUNDLE_IDENTIFIER = "com.shivaapple.Flash-Chat";
				PRODUCT_NAME = "$(TARGET_NAME)";
				SWIFT_VERSION = 5.0;
				TARGETED_DEVICE_FAMILY = "1,2";
			};
			name = Release;
		};
/* End XCBuildConfiguration section */

/* Begin XCConfigurationList section */
		280B81A0225F026B0050BE44 /* Build configuration list for PBXProject "Flash-Chat" */ = {
			isa = XCConfigurationList;
			buildConfigurations = (
				280B81B5225F026D0050BE44 /* Debug */,
				280B81B6225F026D0050BE44 /* Release */,
			);
			defaultConfigurationIsVisible = 0;
			defaultConfigurationName = Release;
		};
		280B81B7225F026D0050BE44 /* Build configuration list for PBXNativeTarget "Flash-Chat" */ = {
			isa = XCConfigurationList;
			buildConfigurations = (
				280B81B8225F026D0050BE44 /* Debug */,
				280B81B9225F026D0050BE44 /* Release */,
			);
			defaultConfigurationIsVisible = 0;
			defaultConfigurationName = Release;
		};
/* End XCConfigurationList section */
	};
	rootObject = 280B819D225F026B0050BE44 /* Project object */;
}
